{
  "version": 4,
  "terraform_version": "0.12.21",
  "serial": 6,
  "lineage": "ca8749f8-31aa-6777-d74f-e43881488e1e",
  "outputs": {
    "kubernetes_cluster_name": {
      "value": "cloudjobs-gke",
      "type": "string"
    },
    "location": {
      "value": "europe-west1-b",
      "type": "string"
    },
    "region": {
      "value": "europe-west1",
      "type": "string"
    }
  },
  "resources": [
    {
      "mode": "managed",
      "type": "google_compute_network",
      "name": "vpc",
      "provider": "provider.google",
      "instances": [
        {
          "schema_version": 0,
          "attributes": {
            "auto_create_subnetworks": false,
            "delete_default_routes_on_create": false,
            "description": "",
            "gateway_ipv4": "",
            "id": "projects/cloudjobs/global/networks/cloudjobs-vpc",
            "ipv4_range": null,
            "name": "cloudjobs-vpc",
            "project": "cloudjobs",
            "routing_mode": "REGIONAL",
            "self_link": "https://www.googleapis.com/compute/v1/projects/cloudjobs/global/networks/cloudjobs-vpc",
            "timeouts": null
          },
          "private": "eyJlMmJmYjczMC1lY2FhLTExZTYtOGY4OC0zNDM2M2JjN2M0YzAiOnsiY3JlYXRlIjoyNDAwMDAwMDAwMDAsImRlbGV0ZSI6MjQwMDAwMDAwMDAwLCJ1cGRhdGUiOjI0MDAwMDAwMDAwMH19"
        }
      ]
    },
    {
      "mode": "managed",
      "type": "google_compute_subnetwork",
      "name": "subnet",
      "provider": "provider.google",
      "instances": [
        {
          "schema_version": 0,
          "attributes": {
            "creation_timestamp": "2020-05-30T10:46:58.760-07:00",
            "description": "",
            "enable_flow_logs": null,
            "fingerprint": null,
            "gateway_address": "10.10.0.1",
            "id": "projects/cloudjobs/regions/europe-west1/subnetworks/cloudjobs-subnet",
            "ip_cidr_range": "10.10.0.0/24",
            "log_config": [],
            "name": "cloudjobs-subnet",
            "network": "https://www.googleapis.com/compute/v1/projects/cloudjobs/global/networks/cloudjobs-vpc",
            "private_ip_google_access": false,
            "project": "cloudjobs",
            "region": "europe-west1",
            "secondary_ip_range": [],
            "self_link": "https://www.googleapis.com/compute/v1/projects/cloudjobs/regions/europe-west1/subnetworks/cloudjobs-subnet",
            "timeouts": null
          },
          "private": "eyJlMmJmYjczMC1lY2FhLTExZTYtOGY4OC0zNDM2M2JjN2M0YzAiOnsiY3JlYXRlIjozNjAwMDAwMDAwMDAsImRlbGV0ZSI6MzYwMDAwMDAwMDAwLCJ1cGRhdGUiOjM2MDAwMDAwMDAwMH19",
          "dependencies": [
            "google_compute_network.vpc"
          ]
        }
      ]
    },
    {
      "mode": "managed",
      "type": "google_container_cluster",
      "name": "primary",
      "provider": "provider.google",
      "instances": [
        {
          "schema_version": 1,
          "attributes": {
            "additional_zones": [],
            "addons_config": [
              {
                "cloudrun_config": [],
                "horizontal_pod_autoscaling": [],
                "http_load_balancing": [],
                "kubernetes_dashboard": [],
                "network_policy_config": [
                  {
                    "disabled": true
                  }
                ]
              }
            ],
            "authenticator_groups_config": [],
            "cluster_autoscaling": [
              {
                "auto_provisioning_defaults": [],
                "enabled": false,
                "resource_limits": []
              }
            ],
            "cluster_ipv4_cidr": "10.20.0.0/14",
            "default_max_pods_per_node": 110,
            "description": "",
            "enable_binary_authorization": false,
            "enable_intranode_visibility": null,
            "enable_kubernetes_alpha": false,
            "enable_legacy_abac": false,
            "enable_shielded_nodes": false,
            "enable_tpu": null,
            "endpoint": "35.195.3.162",
            "id": "projects/cloudjobs/locations/europe-west1-b/clusters/cloudjobs-gke",
            "initial_node_count": 1,
            "instance_group_urls": [],
            "ip_allocation_policy": [],
            "label_fingerprint": "a9dc16a7",
            "location": "europe-west1-b",
            "logging_service": "logging.googleapis.com/kubernetes",
            "maintenance_policy": [],
            "master_auth": [
              {
                "client_certificate": "",
                "client_certificate_config": [
                  {
                    "issue_client_certificate": false
                  }
                ],
                "client_key": "",
                "cluster_ca_certificate": "LS0tLS1CRUdJTiBDRVJUSUZJQ0FURS0tLS0tCk1JSURERENDQWZTZ0F3SUJBZ0lSQU9oQjlnN2xYNFlFZFE4WG1uSXYrTXd3RFFZSktvWklodmNOQVFFTEJRQXcKTHpFdE1Dc0dBMVVFQXhNa1l6VTJZV1U0T0dJdE5tSTFOaTAwTVRSakxUZzRPRGt0TURReVpEVTRZekF3TVRneApNQjRYRFRJd01EVXpNREUyTkRrek1Gb1hEVEkxTURVeU9URTNORGt6TUZvd0x6RXRNQ3NHQTFVRUF4TWtZelUyCllXVTRPR0l0Tm1JMU5pMDBNVFJqTFRnNE9Ea3RNRFF5WkRVNFl6QXdNVGd4TUlJQklqQU5CZ2txaGtpRzl3MEIKQVFFRkFBT0NBUThBTUlJQkNnS0NBUUVBbGJEeGpTUm9tWjBFUXZVS3JnMVJHQ3BCWjJka2ZlRmZ3Y05GVTRCWgpFaDdGdUZieUQ4QnNFc0lLNmswbTdvSWp4cFRpa1dweU4vZEJacFVEZmU0RUtYTDZYM01aU2V6cDBScnNMMXQ1CkQvbHVsVFdmeUhNV1dQZkh3NEFNQUJPRUFjdmNMd3RGOUZPakx6SzhJM2x3MkVtd1hnRThtc05rUjVnSklmbnYKUWZmc2gxQVdwS21UWHpKdUkrVlV6dHVJM1B6QnQ3Z0Zib3NVSFBxUHZWZlF5YXNnK1ZIQ1doc2dhbmRycFNiLwpJTXQ3VklwMG84cXhXUWpDcUhSRGhJbDAva2xWVld0SGpXeU1DNTFZUVlyQkoycVhYOVp0ckF6eVdaR1ZYRVRiCjY2U2tYdncwNnlHUjJ1VVlTdHF1U1ZYRmQ2NGJwMVIwNS9GT1FjNzZmNUZVM3dJREFRQUJveU13SVRBT0JnTlYKSFE4QkFmOEVCQU1DQWdRd0R3WURWUjBUQVFIL0JBVXdBd0VCL3pBTkJna3Foa2lHOXcwQkFRc0ZBQU9DQVFFQQpYeE5lSE9pSTduTmhwYnA5aU9YSXhaQ1FkWHNXSU1sTzIrOEMzRi9vK1YzR0lmYVRXaU5ZZjN2UUhUbUtSbStXClVDTy9vZnYzMHdnL3B5cWpxeUFjL0l5QU1sWGVlTDZ0bmZZUkVkYjVMUXhXMVNCSjNJdk41TlZreTAwajlCT3cKMVN3dmN2c1ppczdrek1xakZmRU10b0RNODFMYU9BNENYTG1tYkhMWHQ4RisvSDQ3R3dpb2ljcGRRcjNrbEJIdQo4S0s4SmlMQnloTUdFZGx5dlduRTdSUnRmRE5NTFVsU0hxN0U0dE1LRVRRUkVjSFVTTndLRzZrcVJxWFVWVkZRClJQYnBtZnRLZDJBK2VmL1lyYWJ2QTdaNzE3NTVpQkdrVXd1VUY1Y2VoT3NPTmlNNDMwZjZzc0UzcGhpUk5MTjIKeXRQTzZGRGlmMG9OM0FGU0VLM3hxQT09Ci0tLS0tRU5EIENFUlRJRklDQVRFLS0tLS0K",
                "password": "",
                "username": ""
              }
            ],
            "master_authorized_networks_config": [],
            "master_version": "1.14.10-gke.36",
            "min_master_version": null,
            "monitoring_service": "monitoring.googleapis.com/kubernetes",
            "name": "cloudjobs-gke",
            "network": "projects/cloudjobs/global/networks/cloudjobs-vpc",
            "network_policy": [
              {
                "enabled": false,
                "provider": "PROVIDER_UNSPECIFIED"
              }
            ],
            "node_config": [],
            "node_locations": [],
            "node_pool": [],
            "node_version": "1.14.10-gke.36",
            "operation": null,
            "pod_security_policy_config": null,
            "private_cluster_config": [],
            "project": "cloudjobs",
            "region": null,
            "remove_default_node_pool": true,
            "resource_labels": null,
            "resource_usage_export_config": [],
            "services_ipv4_cidr": "10.23.240.0/20",
            "subnetwork": "projects/cloudjobs/regions/europe-west1/subnetworks/cloudjobs-subnet",
            "timeouts": null,
            "vertical_pod_autoscaling": [],
            "zone": null
          },
          "private": "eyJlMmJmYjczMC1lY2FhLTExZTYtOGY4OC0zNDM2M2JjN2M0YzAiOnsiY3JlYXRlIjoyNDAwMDAwMDAwMDAwLCJkZWxldGUiOjI0MDAwMDAwMDAwMDAsInJlYWQiOjI0MDAwMDAwMDAwMDAsInVwZGF0ZSI6MzYwMDAwMDAwMDAwMH0sInNjaGVtYV92ZXJzaW9uIjoiMSJ9",
          "dependencies": [
            "google_compute_network.vpc",
            "google_compute_subnetwork.subnet"
          ]
        }
      ]
    },
    {
      "mode": "managed",
      "type": "google_container_node_pool",
      "name": "primary_nodes",
      "provider": "provider.google",
      "instances": [
        {
          "schema_version": 1,
          "attributes": {
            "autoscaling": [],
            "cluster": "cloudjobs-gke",
            "id": "projects/cloudjobs/locations/europe-west1-b/clusters/cloudjobs-gke/nodePools/cloudjobs-gke-node-pool",
            "initial_node_count": 4,
            "instance_group_urls": [
              "https://www.googleapis.com/compute/v1/projects/cloudjobs/zones/europe-west1-b/instanceGroupManagers/gke-cloudjobs-g-cloudjobs-g-a782053c-grp"
            ],
            "location": "europe-west1-b",
            "management": [
              {
                "auto_repair": false,
                "auto_upgrade": true
              }
            ],
            "max_pods_per_node": null,
            "name": "cloudjobs-gke-node-pool",
            "name_prefix": "",
            "node_config": [
              {
                "disk_size_gb": 100,
                "disk_type": "pd-standard",
                "guest_accelerator": [],
                "image_type": "COS",
                "labels": {
                  "env": "cloudjobs"
                },
                "local_ssd_count": 0,
                "machine_type": "n1-standard-1",
                "metadata": {
                  "disable-legacy-endpoints": "true"
                },
                "min_cpu_platform": "",
                "oauth_scopes": [
                  "https://www.googleapis.com/auth/logging.write",
                  "https://www.googleapis.com/auth/monitoring"
                ],
                "preemptible": false,
                "sandbox_config": [],
                "service_account": "default",
                "shielded_instance_config": [
                  {
                    "enable_integrity_monitoring": true,
                    "enable_secure_boot": false
                  }
                ],
                "tags": [
                  "gke-node",
                  "cloudjobs-gke"
                ],
                "taint": [],
                "workload_metadata_config": []
              }
            ],
            "node_count": 4,
            "node_locations": [
              "europe-west1-b"
            ],
            "project": "cloudjobs",
            "region": null,
            "timeouts": null,
            "upgrade_settings": [
              {
                "max_surge": 1,
                "max_unavailable": 0
              }
            ],
            "version": "1.14.10-gke.36",
            "zone": null
          },
          "private": "eyJlMmJmYjczMC1lY2FhLTExZTYtOGY4OC0zNDM2M2JjN2M0YzAiOnsiY3JlYXRlIjoxODAwMDAwMDAwMDAwLCJkZWxldGUiOjE4MDAwMDAwMDAwMDAsInVwZGF0ZSI6MTgwMDAwMDAwMDAwMH0sInNjaGVtYV92ZXJzaW9uIjoiMSJ9",
          "dependencies": [
            "google_compute_network.vpc",
            "google_compute_subnetwork.subnet",
            "google_container_cluster.primary"
          ]
        }
      ]
    }
  ]
}
